// !$*UTF8*$!
{
	archiveVersion = 1;
	classes = {
	};
	objectVersion = 54;
	objects = {

/* Begin PBXBuildFile section */
		00E356F31AD99517003FC87E /* posHeAndSheTests.m in Sources */ = {isa = PBXBuildFile; fileRef = 00E356F21AD99517003FC87E /* posHeAndSheTests.m */; };
		0C80B921A6F3F58F76C31292 /* libPods-posHeAndShe.a in Frameworks */ = {isa = PBXBuildFile; fileRef = 5DCACB8F33CDC322A6C60F78 /* libPods-posHeAndShe.a */; };
		13B07FBC1A68108700A75B9A /* AppDelegate.mm in Sources */ = {isa = PBXBuildFile; fileRef = 13B07FB01A68108700A75B9A /* AppDelegate.mm */; };
		13B07FBF1A68108700A75B9A /* Images.xcassets in Resources */ = {isa = PBXBuildFile; fileRef = 13B07FB51A68108700A75B9A /* Images.xcassets */; };
		13B07FC11A68108700A75B9A /* main.m in Sources */ = {isa = PBXBuildFile; fileRef = 13B07FB71A68108700A75B9A /* main.m */; };
		7699B88040F8A987B510C191 /* libPods-posHeAndShe-posHeAndSheTests.a in Frameworks */ = {isa = PBXBuildFile; fileRef = 19F6CBCC0A4E27FBF8BF4A61 /* libPods-posHeAndShe-posHeAndSheTests.a */; };
		81AB9BB82411601600AC10FF /* LaunchScreen.storyboard in Resources */ = {isa = PBXBuildFile; fileRef = 81AB9BB72411601600AC10FF /* LaunchScreen.storyboard */; };
		D5F1E71C28E2B52600E39B85 /* SIL Open Font License.txt in Resources */ = {isa = PBXBuildFile; fileRef = D5F1E6F728E2B52600E39B85 /* SIL Open Font License.txt */; };
		D5F1E73F28E2BB0200E39B85 /* Montserrat-MediumItalic.otf in Resources */ = {isa = PBXBuildFile; fileRef = D5F1E6F428E2B52600E39B85 /* Montserrat-MediumItalic.otf */; };
		D5F1E74028E2BB0200E39B85 /* Montserrat-Bold.otf in Resources */ = {isa = PBXBuildFile; fileRef = D5F1E6F528E2B52600E39B85 /* Montserrat-Bold.otf */; };
		D5F1E74128E2BB0200E39B85 /* Montserrat-BlackItalic.otf in Resources */ = {isa = PBXBuildFile; fileRef = D5F1E6F628E2B52600E39B85 /* Montserrat-BlackItalic.otf */; };
		D5F1E74228E2BB0200E39B85 /* MontserratAlternates-Black.otf in Resources */ = {isa = PBXBuildFile; fileRef = D5F1E6F828E2B52600E39B85 /* MontserratAlternates-Black.otf */; };
		D5F1E74328E2BB0200E39B85 /* MontserratAlternates-LightItalic.otf in Resources */ = {isa = PBXBuildFile; fileRef = D5F1E6F928E2B52600E39B85 /* MontserratAlternates-LightItalic.otf */; };
		D5F1E74428E2BB0200E39B85 /* MontserratAlternates-Medium.otf in Resources */ = {isa = PBXBuildFile; fileRef = D5F1E6FA28E2B52600E39B85 /* MontserratAlternates-Medium.otf */; };
		D5F1E74528E2BB0200E39B85 /* Montserrat-BoldItalic.otf in Resources */ = {isa = PBXBuildFile; fileRef = D5F1E6FB28E2B52600E39B85 /* Montserrat-BoldItalic.otf */; };
		D5F1E74628E2BB0200E39B85 /* Montserrat-Light.otf in Resources */ = {isa = PBXBuildFile; fileRef = D5F1E6FC28E2B52600E39B85 /* Montserrat-Light.otf */; };
		D5F1E74728E2BB0200E39B85 /* Montserrat-ThinItalic.otf in Resources */ = {isa = PBXBuildFile; fileRef = D5F1E6FD28E2B52600E39B85 /* Montserrat-ThinItalic.otf */; };
		D5F1E74828E2BB0200E39B85 /* Montserrat-Thin.otf in Resources */ = {isa = PBXBuildFile; fileRef = D5F1E6FE28E2B52600E39B85 /* Montserrat-Thin.otf */; };
		D5F1E74928E2BB0300E39B85 /* MontserratAlternates-MediumItalic.otf in Resources */ = {isa = PBXBuildFile; fileRef = D5F1E6FF28E2B52600E39B85 /* MontserratAlternates-MediumItalic.otf */; };
		D5F1E74A28E2BB0300E39B85 /* Montserrat-ExtraLight.otf in Resources */ = {isa = PBXBuildFile; fileRef = D5F1E70028E2B52600E39B85 /* Montserrat-ExtraLight.otf */; };
		D5F1E74B28E2BB0300E39B85 /* MontserratAlternates-BlackItalic.otf in Resources */ = {isa = PBXBuildFile; fileRef = D5F1E70128E2B52600E39B85 /* MontserratAlternates-BlackItalic.otf */; };
		D5F1E74C28E2BB0300E39B85 /* MontserratAlternates-Bold.otf in Resources */ = {isa = PBXBuildFile; fileRef = D5F1E70228E2B52600E39B85 /* MontserratAlternates-Bold.otf */; };
		D5F1E74D28E2BB0300E39B85 /* MontserratAlternates-ExtraLightItalic.otf in Resources */ = {isa = PBXBuildFile; fileRef = D5F1E70328E2B52600E39B85 /* MontserratAlternates-ExtraLightItalic.otf */; };
		D5F1E74E28E2BB0300E39B85 /* MontserratAlternates-Thin.otf in Resources */ = {isa = PBXBuildFile; fileRef = D5F1E70428E2B52600E39B85 /* MontserratAlternates-Thin.otf */; };
		D5F1E74F28E2BB0300E39B85 /* Montserrat-LightItalic.otf in Resources */ = {isa = PBXBuildFile; fileRef = D5F1E70528E2B52600E39B85 /* Montserrat-LightItalic.otf */; };
		D5F1E75028E2BB0300E39B85 /* Montserrat-Medium.otf in Resources */ = {isa = PBXBuildFile; fileRef = D5F1E70628E2B52600E39B85 /* Montserrat-Medium.otf */; };
		D5F1E75128E2BB0300E39B85 /* MontserratAlternates-SemiBoldItalic.otf in Resources */ = {isa = PBXBuildFile; fileRef = D5F1E70728E2B52600E39B85 /* MontserratAlternates-SemiBoldItalic.otf */; };
		D5F1E75228E2BB0300E39B85 /* Montserrat-SemiBoldItalic.otf in Resources */ = {isa = PBXBuildFile; fileRef = D5F1E70828E2B52600E39B85 /* Montserrat-SemiBoldItalic.otf */; };
		D5F1E75328E2BB0300E39B85 /* Montserrat-ExtraBoldItalic.otf in Resources */ = {isa = PBXBuildFile; fileRef = D5F1E70928E2B52600E39B85 /* Montserrat-ExtraBoldItalic.otf */; };
		D5F1E75428E2BB0300E39B85 /* Montserrat-Italic.otf in Resources */ = {isa = PBXBuildFile; fileRef = D5F1E70A28E2B52600E39B85 /* Montserrat-Italic.otf */; };
		D5F1E75528E2BB0300E39B85 /* MontserratAlternates-SemiBold.otf in Resources */ = {isa = PBXBuildFile; fileRef = D5F1E70B28E2B52600E39B85 /* MontserratAlternates-SemiBold.otf */; };
		D5F1E75628E2BB0300E39B85 /* Montserrat-Regular.otf in Resources */ = {isa = PBXBuildFile; fileRef = D5F1E70C28E2B52600E39B85 /* Montserrat-Regular.otf */; };
		D5F1E75728E2BB0300E39B85 /* MontserratAlternates-ExtraBold.otf in Resources */ = {isa = PBXBuildFile; fileRef = D5F1E70D28E2B52600E39B85 /* MontserratAlternates-ExtraBold.otf */; };
		D5F1E75828E2BB0300E39B85 /* MontserratAlternates-BoldItalic.otf in Resources */ = {isa = PBXBuildFile; fileRef = D5F1E70E28E2B52600E39B85 /* MontserratAlternates-BoldItalic.otf */; };
		D5F1E75928E2BB0300E39B85 /* Montserrat-ExtraBold.otf in Resources */ = {isa = PBXBuildFile; fileRef = D5F1E70F28E2B52600E39B85 /* Montserrat-ExtraBold.otf */; };
		D5F1E75A28E2BB0300E39B85 /* Montserrat-ExtraLightItalic.otf in Resources */ = {isa = PBXBuildFile; fileRef = D5F1E71028E2B52600E39B85 /* Montserrat-ExtraLightItalic.otf */; };
		D5F1E75B28E2BB0300E39B85 /* MontserratAlternates-Light.otf in Resources */ = {isa = PBXBuildFile; fileRef = D5F1E71128E2B52600E39B85 /* MontserratAlternates-Light.otf */; };
		D5F1E75C28E2BB0300E39B85 /* MontserratAlternates-ExtraLight.otf in Resources */ = {isa = PBXBuildFile; fileRef = D5F1E71228E2B52600E39B85 /* MontserratAlternates-ExtraLight.otf */; };
		D5F1E75D28E2BB0300E39B85 /* MontserratAlternates-Regular.otf in Resources */ = {isa = PBXBuildFile; fileRef = D5F1E71328E2B52600E39B85 /* MontserratAlternates-Regular.otf */; };
		D5F1E75E28E2BB0300E39B85 /* MontserratAlternates-ThinItalic.otf in Resources */ = {isa = PBXBuildFile; fileRef = D5F1E71428E2B52600E39B85 /* MontserratAlternates-ThinItalic.otf */; };
		D5F1E75F28E2BB0300E39B85 /* Montserrat-Black.otf in Resources */ = {isa = PBXBuildFile; fileRef = D5F1E71528E2B52600E39B85 /* Montserrat-Black.otf */; };
		D5F1E76028E2BB0300E39B85 /* MontserratAlternates-ExtraBoldItalic.otf in Resources */ = {isa = PBXBuildFile; fileRef = D5F1E71628E2B52600E39B85 /* MontserratAlternates-ExtraBoldItalic.otf */; };
		D5F1E76128E2BB0300E39B85 /* MontserratAlternates-Italic.otf in Resources */ = {isa = PBXBuildFile; fileRef = D5F1E71728E2B52600E39B85 /* MontserratAlternates-Italic.otf */; };
		D5F1E76228E2BB0300E39B85 /* Montserrat-SemiBold.otf in Resources */ = {isa = PBXBuildFile; fileRef = D5F1E71828E2B52600E39B85 /* Montserrat-SemiBold.otf */; };
/* End PBXBuildFile section */

/* Begin PBXContainerItemProxy section */
		00E356F41AD99517003FC87E /* PBXContainerItemProxy */ = {
			isa = PBXContainerItemProxy;
			containerPortal = 83CBB9F71A601CBA00E9B192 /* Project object */;
			proxyType = 1;
			remoteGlobalIDString = 13B07F861A680F5B00A75B9A;
			remoteInfo = posHeAndShe;
		};
/* End PBXContainerItemProxy section */

/* Begin PBXFileReference section */
		00E356EE1AD99517003FC87E /* posHeAndSheTests.xctest */ = {isa = PBXFileReference; explicitFileType = wrapper.cfbundle; includeInIndex = 0; path = posHeAndSheTests.xctest; sourceTree = BUILT_PRODUCTS_DIR; };
		00E356F11AD99517003FC87E /* Info.plist */ = {isa = PBXFileReference; lastKnownFileType = text.plist.xml; path = Info.plist; sourceTree = "<group>"; };
		00E356F21AD99517003FC87E /* posHeAndSheTests.m */ = {isa = PBXFileReference; lastKnownFileType = sourcecode.c.objc; path = posHeAndSheTests.m; sourceTree = "<group>"; };
		13B07F961A680F5B00A75B9A /* posHeAndShe.app */ = {isa = PBXFileReference; explicitFileType = wrapper.application; includeInIndex = 0; path = posHeAndShe.app; sourceTree = BUILT_PRODUCTS_DIR; };
		13B07FAF1A68108700A75B9A /* AppDelegate.h */ = {isa = PBXFileReference; fileEncoding = 4; lastKnownFileType = sourcecode.c.h; name = AppDelegate.h; path = posHeAndShe/AppDelegate.h; sourceTree = "<group>"; };
		13B07FB01A68108700A75B9A /* AppDelegate.mm */ = {isa = PBXFileReference; fileEncoding = 4; lastKnownFileType = sourcecode.cpp.objcpp; name = AppDelegate.mm; path = posHeAndShe/AppDelegate.mm; sourceTree = "<group>"; };
		13B07FB51A68108700A75B9A /* Images.xcassets */ = {isa = PBXFileReference; lastKnownFileType = folder.assetcatalog; name = Images.xcassets; path = posHeAndShe/Images.xcassets; sourceTree = "<group>"; };
		13B07FB61A68108700A75B9A /* Info.plist */ = {isa = PBXFileReference; fileEncoding = 4; lastKnownFileType = text.plist.xml; name = Info.plist; path = posHeAndShe/Info.plist; sourceTree = "<group>"; };
		13B07FB71A68108700A75B9A /* main.m */ = {isa = PBXFileReference; fileEncoding = 4; lastKnownFileType = sourcecode.c.objc; name = main.m; path = posHeAndShe/main.m; sourceTree = "<group>"; };
		19F6CBCC0A4E27FBF8BF4A61 /* libPods-posHeAndShe-posHeAndSheTests.a */ = {isa = PBXFileReference; explicitFileType = archive.ar; includeInIndex = 0; path = "libPods-posHeAndShe-posHeAndSheTests.a"; sourceTree = BUILT_PRODUCTS_DIR; };
		3B4392A12AC88292D35C810B /* Pods-posHeAndShe.debug.xcconfig */ = {isa = PBXFileReference; includeInIndex = 1; lastKnownFileType = text.xcconfig; name = "Pods-posHeAndShe.debug.xcconfig"; path = "Target Support Files/Pods-posHeAndShe/Pods-posHeAndShe.debug.xcconfig"; sourceTree = "<group>"; };
		5709B34CF0A7D63546082F79 /* Pods-posHeAndShe.release.xcconfig */ = {isa = PBXFileReference; includeInIndex = 1; lastKnownFileType = text.xcconfig; name = "Pods-posHeAndShe.release.xcconfig"; path = "Target Support Files/Pods-posHeAndShe/Pods-posHeAndShe.release.xcconfig"; sourceTree = "<group>"; };
		5B7EB9410499542E8C5724F5 /* Pods-posHeAndShe-posHeAndSheTests.debug.xcconfig */ = {isa = PBXFileReference; includeInIndex = 1; lastKnownFileType = text.xcconfig; name = "Pods-posHeAndShe-posHeAndSheTests.debug.xcconfig"; path = "Target Support Files/Pods-posHeAndShe-posHeAndSheTests/Pods-posHeAndShe-posHeAndSheTests.debug.xcconfig"; sourceTree = "<group>"; };
		5DCACB8F33CDC322A6C60F78 /* libPods-posHeAndShe.a */ = {isa = PBXFileReference; explicitFileType = archive.ar; includeInIndex = 0; path = "libPods-posHeAndShe.a"; sourceTree = BUILT_PRODUCTS_DIR; };
		81AB9BB72411601600AC10FF /* LaunchScreen.storyboard */ = {isa = PBXFileReference; fileEncoding = 4; lastKnownFileType = file.storyboard; name = LaunchScreen.storyboard; path = posHeAndShe/LaunchScreen.storyboard; sourceTree = "<group>"; };
		89C6BE57DB24E9ADA2F236DE /* Pods-posHeAndShe-posHeAndSheTests.release.xcconfig */ = {isa = PBXFileReference; includeInIndex = 1; lastKnownFileType = text.xcconfig; name = "Pods-posHeAndShe-posHeAndSheTests.release.xcconfig"; path = "Target Support Files/Pods-posHeAndShe-posHeAndSheTests/Pods-posHeAndShe-posHeAndSheTests.release.xcconfig"; sourceTree = "<group>"; };
		D51B655B28E1246D00FBED7C /* posHeAndShe.entitlements */ = {isa = PBXFileReference; lastKnownFileType = text.plist.entitlements; name = posHeAndShe.entitlements; path = posHeAndShe/posHeAndShe.entitlements; sourceTree = "<group>"; };
		D5F1E6D328E2B50E00E39B85 /* Fontisto.ttf */ = {isa = PBXFileReference; lastKnownFileType = file; path = Fontisto.ttf; sourceTree = "<group>"; };
		D5F1E6D428E2B50E00E39B85 /* Octicons.ttf */ = {isa = PBXFileReference; lastKnownFileType = file; path = Octicons.ttf; sourceTree = "<group>"; };
		D5F1E6D528E2B50E00E39B85 /* Feather.ttf */ = {isa = PBXFileReference; lastKnownFileType = file; path = Feather.ttf; sourceTree = "<group>"; };
		D5F1E6D628E2B50E00E39B85 /* Entypo.ttf */ = {isa = PBXFileReference; lastKnownFileType = file; path = Entypo.ttf; sourceTree = "<group>"; };
		D5F1E6D728E2B50E00E39B85 /* FontAwesome5_Brands.ttf */ = {isa = PBXFileReference; lastKnownFileType = file; path = FontAwesome5_Brands.ttf; sourceTree = "<group>"; };
		D5F1E6D828E2B50E00E39B85 /* MaterialCommunityIcons.ttf */ = {isa = PBXFileReference; lastKnownFileType = file; path = MaterialCommunityIcons.ttf; sourceTree = "<group>"; };
		D5F1E6D928E2B50E00E39B85 /* AntDesign.ttf */ = {isa = PBXFileReference; lastKnownFileType = file; path = AntDesign.ttf; sourceTree = "<group>"; };
		D5F1E6DA28E2B50E00E39B85 /* Foundation.ttf */ = {isa = PBXFileReference; lastKnownFileType = file; path = Foundation.ttf; sourceTree = "<group>"; };
		D5F1E6DB28E2B50E00E39B85 /* Ionicons.ttf */ = {isa = PBXFileReference; lastKnownFileType = file; path = Ionicons.ttf; sourceTree = "<group>"; };
		D5F1E6DC28E2B50E00E39B85 /* FontAwesome5_Solid.ttf */ = {isa = PBXFileReference; lastKnownFileType = file; path = FontAwesome5_Solid.ttf; sourceTree = "<group>"; };
		D5F1E6DD28E2B50E00E39B85 /* FontAwesome5_Regular.ttf */ = {isa = PBXFileReference; lastKnownFileType = file; path = FontAwesome5_Regular.ttf; sourceTree = "<group>"; };
		D5F1E6DE28E2B50E00E39B85 /* FontAwesome.ttf */ = {isa = PBXFileReference; lastKnownFileType = file; path = FontAwesome.ttf; sourceTree = "<group>"; };
		D5F1E6DF28E2B50E00E39B85 /* Zocial.ttf */ = {isa = PBXFileReference; lastKnownFileType = file; path = Zocial.ttf; sourceTree = "<group>"; };
		D5F1E6E028E2B50E00E39B85 /* EvilIcons.ttf */ = {isa = PBXFileReference; lastKnownFileType = file; path = EvilIcons.ttf; sourceTree = "<group>"; };
		D5F1E6E128E2B50E00E39B85 /* SimpleLineIcons.ttf */ = {isa = PBXFileReference; lastKnownFileType = file; path = SimpleLineIcons.ttf; sourceTree = "<group>"; };
		D5F1E6E228E2B50E00E39B85 /* MaterialIcons.ttf */ = {isa = PBXFileReference; lastKnownFileType = file; path = MaterialIcons.ttf; sourceTree = "<group>"; };
		D5F1E6F428E2B52600E39B85 /* Montserrat-MediumItalic.otf */ = {isa = PBXFileReference; lastKnownFileType = file; path = "Montserrat-MediumItalic.otf"; sourceTree = "<group>"; };
		D5F1E6F528E2B52600E39B85 /* Montserrat-Bold.otf */ = {isa = PBXFileReference; lastKnownFileType = file; path = "Montserrat-Bold.otf"; sourceTree = "<group>"; };
		D5F1E6F628E2B52600E39B85 /* Montserrat-BlackItalic.otf */ = {isa = PBXFileReference; lastKnownFileType = file; path = "Montserrat-BlackItalic.otf"; sourceTree = "<group>"; };
		D5F1E6F728E2B52600E39B85 /* SIL Open Font License.txt */ = {isa = PBXFileReference; fileEncoding = 4; lastKnownFileType = text; path = "SIL Open Font License.txt"; sourceTree = "<group>"; };
		D5F1E6F828E2B52600E39B85 /* MontserratAlternates-Black.otf */ = {isa = PBXFileReference; lastKnownFileType = file; path = "MontserratAlternates-Black.otf"; sourceTree = "<group>"; };
		D5F1E6F928E2B52600E39B85 /* MontserratAlternates-LightItalic.otf */ = {isa = PBXFileReference; lastKnownFileType = file; path = "MontserratAlternates-LightItalic.otf"; sourceTree = "<group>"; };
		D5F1E6FA28E2B52600E39B85 /* MontserratAlternates-Medium.otf */ = {isa = PBXFileReference; lastKnownFileType = file; path = "MontserratAlternates-Medium.otf"; sourceTree = "<group>"; };
		D5F1E6FB28E2B52600E39B85 /* Montserrat-BoldItalic.otf */ = {isa = PBXFileReference; lastKnownFileType = file; path = "Montserrat-BoldItalic.otf"; sourceTree = "<group>"; };
		D5F1E6FC28E2B52600E39B85 /* Montserrat-Light.otf */ = {isa = PBXFileReference; lastKnownFileType = file; path = "Montserrat-Light.otf"; sourceTree = "<group>"; };
		D5F1E6FD28E2B52600E39B85 /* Montserrat-ThinItalic.otf */ = {isa = PBXFileReference; lastKnownFileType = file; path = "Montserrat-ThinItalic.otf"; sourceTree = "<group>"; };
		D5F1E6FE28E2B52600E39B85 /* Montserrat-Thin.otf */ = {isa = PBXFileReference; lastKnownFileType = file; path = "Montserrat-Thin.otf"; sourceTree = "<group>"; };
		D5F1E6FF28E2B52600E39B85 /* MontserratAlternates-MediumItalic.otf */ = {isa = PBXFileReference; lastKnownFileType = file; path = "MontserratAlternates-MediumItalic.otf"; sourceTree = "<group>"; };
		D5F1E70028E2B52600E39B85 /* Montserrat-ExtraLight.otf */ = {isa = PBXFileReference; lastKnownFileType = file; path = "Montserrat-ExtraLight.otf"; sourceTree = "<group>"; };
		D5F1E70128E2B52600E39B85 /* MontserratAlternates-BlackItalic.otf */ = {isa = PBXFileReference; lastKnownFileType = file; path = "MontserratAlternates-BlackItalic.otf"; sourceTree = "<group>"; };
		D5F1E70228E2B52600E39B85 /* MontserratAlternates-Bold.otf */ = {isa = PBXFileReference; lastKnownFileType = file; path = "MontserratAlternates-Bold.otf"; sourceTree = "<group>"; };
		D5F1E70328E2B52600E39B85 /* MontserratAlternates-ExtraLightItalic.otf */ = {isa = PBXFileReference; lastKnownFileType = file; path = "MontserratAlternates-ExtraLightItalic.otf"; sourceTree = "<group>"; };
		D5F1E70428E2B52600E39B85 /* MontserratAlternates-Thin.otf */ = {isa = PBXFileReference; lastKnownFileType = file; path = "MontserratAlternates-Thin.otf"; sourceTree = "<group>"; };
		D5F1E70528E2B52600E39B85 /* Montserrat-LightItalic.otf */ = {isa = PBXFileReference; lastKnownFileType = file; path = "Montserrat-LightItalic.otf"; sourceTree = "<group>"; };
		D5F1E70628E2B52600E39B85 /* Montserrat-Medium.otf */ = {isa = PBXFileReference; lastKnownFileType = file; path = "Montserrat-Medium.otf"; sourceTree = "<group>"; };
		D5F1E70728E2B52600E39B85 /* MontserratAlternates-SemiBoldItalic.otf */ = {isa = PBXFileReference; lastKnownFileType = file; path = "MontserratAlternates-SemiBoldItalic.otf"; sourceTree = "<group>"; };
		D5F1E70828E2B52600E39B85 /* Montserrat-SemiBoldItalic.otf */ = {isa = PBXFileReference; lastKnownFileType = file; path = "Montserrat-SemiBoldItalic.otf"; sourceTree = "<group>"; };
		D5F1E70928E2B52600E39B85 /* Montserrat-ExtraBoldItalic.otf */ = {isa = PBXFileReference; lastKnownFileType = file; path = "Montserrat-ExtraBoldItalic.otf"; sourceTree = "<group>"; };
		D5F1E70A28E2B52600E39B85 /* Montserrat-Italic.otf */ = {isa = PBXFileReference; lastKnownFileType = file; path = "Montserrat-Italic.otf"; sourceTree = "<group>"; };
		D5F1E70B28E2B52600E39B85 /* MontserratAlternates-SemiBold.otf */ = {isa = PBXFileReference; lastKnownFileType = file; path = "MontserratAlternates-SemiBold.otf"; sourceTree = "<group>"; };
		D5F1E70C28E2B52600E39B85 /* Montserrat-Regular.otf */ = {isa = PBXFileReference; lastKnownFileType = file; path = "Montserrat-Regular.otf"; sourceTree = "<group>"; };
		D5F1E70D28E2B52600E39B85 /* MontserratAlternates-ExtraBold.otf */ = {isa = PBXFileReference; lastKnownFileType = file; path = "MontserratAlternates-ExtraBold.otf"; sourceTree = "<group>"; };
		D5F1E70E28E2B52600E39B85 /* MontserratAlternates-BoldItalic.otf */ = {isa = PBXFileReference; lastKnownFileType = file; path = "MontserratAlternates-BoldItalic.otf"; sourceTree = "<group>"; };
		D5F1E70F28E2B52600E39B85 /* Montserrat-ExtraBold.otf */ = {isa = PBXFileReference; lastKnownFileType = file; path = "Montserrat-ExtraBold.otf"; sourceTree = "<group>"; };
		D5F1E71028E2B52600E39B85 /* Montserrat-ExtraLightItalic.otf */ = {isa = PBXFileReference; lastKnownFileType = file; path = "Montserrat-ExtraLightItalic.otf"; sourceTree = "<group>"; };
		D5F1E71128E2B52600E39B85 /* MontserratAlternates-Light.otf */ = {isa = PBXFileReference; lastKnownFileType = file; path = "MontserratAlternates-Light.otf"; sourceTree = "<group>"; };
		D5F1E71228E2B52600E39B85 /* MontserratAlternates-ExtraLight.otf */ = {isa = PBXFileReference; lastKnownFileType = file; path = "MontserratAlternates-ExtraLight.otf"; sourceTree = "<group>"; };
		D5F1E71328E2B52600E39B85 /* MontserratAlternates-Regular.otf */ = {isa = PBXFileReference; lastKnownFileType = file; path = "MontserratAlternates-Regular.otf"; sourceTree = "<group>"; };
		D5F1E71428E2B52600E39B85 /* MontserratAlternates-ThinItalic.otf */ = {isa = PBXFileReference; lastKnownFileType = file; path = "MontserratAlternates-ThinItalic.otf"; sourceTree = "<group>"; };
		D5F1E71528E2B52600E39B85 /* Montserrat-Black.otf */ = {isa = PBXFileReference; lastKnownFileType = file; path = "Montserrat-Black.otf"; sourceTree = "<group>"; };
		D5F1E71628E2B52600E39B85 /* MontserratAlternates-ExtraBoldItalic.otf */ = {isa = PBXFileReference; lastKnownFileType = file; path = "MontserratAlternates-ExtraBoldItalic.otf"; sourceTree = "<group>"; };
		D5F1E71728E2B52600E39B85 /* MontserratAlternates-Italic.otf */ = {isa = PBXFileReference; lastKnownFileType = file; path = "MontserratAlternates-Italic.otf"; sourceTree = "<group>"; };
		D5F1E71828E2B52600E39B85 /* Montserrat-SemiBold.otf */ = {isa = PBXFileReference; lastKnownFileType = file; path = "Montserrat-SemiBold.otf"; sourceTree = "<group>"; };
		ED297162215061F000B7C4FE /* JavaScriptCore.framework */ = {isa = PBXFileReference; lastKnownFileType = wrapper.framework; name = JavaScriptCore.framework; path = System/Library/Frameworks/JavaScriptCore.framework; sourceTree = SDKROOT; };
/* End PBXFileReference section */

/* Begin PBXFrameworksBuildPhase section */
		00E356EB1AD99517003FC87E /* Frameworks */ = {
			isa = PBXFrameworksBuildPhase;
			buildActionMask = 2147483647;
			files = (
				7699B88040F8A987B510C191 /* libPods-posHeAndShe-posHeAndSheTests.a in Frameworks */,
			);
			runOnlyForDeploymentPostprocessing = 0;
		};
		13B07F8C1A680F5B00A75B9A /* Frameworks */ = {
			isa = PBXFrameworksBuildPhase;
			buildActionMask = 2147483647;
			files = (
				0C80B921A6F3F58F76C31292 /* libPods-posHeAndShe.a in Frameworks */,
			);
			runOnlyForDeploymentPostprocessing = 0;
		};
/* End PBXFrameworksBuildPhase section */

/* Begin PBXGroup section */
		00E356EF1AD99517003FC87E /* posHeAndSheTests */ = {
			isa = PBXGroup;
			children = (
				00E356F21AD99517003FC87E /* posHeAndSheTests.m */,
				00E356F01AD99517003FC87E /* Supporting Files */,
			);
			path = posHeAndSheTests;
			sourceTree = "<group>";
		};
		00E356F01AD99517003FC87E /* Supporting Files */ = {
			isa = PBXGroup;
			children = (
				00E356F11AD99517003FC87E /* Info.plist */,
			);
			name = "Supporting Files";
			sourceTree = "<group>";
		};
		13B07FAE1A68108700A75B9A /* posHeAndShe */ = {
			isa = PBXGroup;
			children = (
				D5F1E6F328E2B52600E39B85 /* montserrat */,
				D5F1E6D228E2B50E00E39B85 /* Fonts */,
				D5F1E6CD28E2B42100E39B85 /* New Group */,
				D51B655B28E1246D00FBED7C /* posHeAndShe.entitlements */,
				13B07FAF1A68108700A75B9A /* AppDelegate.h */,
				13B07FB01A68108700A75B9A /* AppDelegate.mm */,
				13B07FB51A68108700A75B9A /* Images.xcassets */,
				13B07FB61A68108700A75B9A /* Info.plist */,
				81AB9BB72411601600AC10FF /* LaunchScreen.storyboard */,
				13B07FB71A68108700A75B9A /* main.m */,
			);
			name = posHeAndShe;
			sourceTree = "<group>";
		};
		2D16E6871FA4F8E400B85C8A /* Frameworks */ = {
			isa = PBXGroup;
			children = (
				ED297162215061F000B7C4FE /* JavaScriptCore.framework */,
				5DCACB8F33CDC322A6C60F78 /* libPods-posHeAndShe.a */,
				19F6CBCC0A4E27FBF8BF4A61 /* libPods-posHeAndShe-posHeAndSheTests.a */,
			);
			name = Frameworks;
			sourceTree = "<group>";
		};
		832341AE1AAA6A7D00B99B32 /* Libraries */ = {
			isa = PBXGroup;
			children = (
			);
			name = Libraries;
			sourceTree = "<group>";
		};
		83CBB9F61A601CBA00E9B192 = {
			isa = PBXGroup;
			children = (
				13B07FAE1A68108700A75B9A /* posHeAndShe */,
				832341AE1AAA6A7D00B99B32 /* Libraries */,
				00E356EF1AD99517003FC87E /* posHeAndSheTests */,
				83CBBA001A601CBA00E9B192 /* Products */,
				2D16E6871FA4F8E400B85C8A /* Frameworks */,
				BBD78D7AC51CEA395F1C20DB /* Pods */,
			);
			indentWidth = 2;
			sourceTree = "<group>";
			tabWidth = 2;
			usesTabs = 0;
		};
		83CBBA001A601CBA00E9B192 /* Products */ = {
			isa = PBXGroup;
			children = (
				13B07F961A680F5B00A75B9A /* posHeAndShe.app */,
				00E356EE1AD99517003FC87E /* posHeAndSheTests.xctest */,
			);
			name = Products;
			sourceTree = "<group>";
		};
		BBD78D7AC51CEA395F1C20DB /* Pods */ = {
			isa = PBXGroup;
			children = (
				3B4392A12AC88292D35C810B /* Pods-posHeAndShe.debug.xcconfig */,
				5709B34CF0A7D63546082F79 /* Pods-posHeAndShe.release.xcconfig */,
				5B7EB9410499542E8C5724F5 /* Pods-posHeAndShe-posHeAndSheTests.debug.xcconfig */,
				89C6BE57DB24E9ADA2F236DE /* Pods-posHeAndShe-posHeAndSheTests.release.xcconfig */,
			);
			path = Pods;
			sourceTree = "<group>";
		};
		D5F1E6CD28E2B42100E39B85 /* New Group */ = {
			isa = PBXGroup;
			children = (
			);
			path = "New Group";
			sourceTree = "<group>";
		};
		D5F1E6D228E2B50E00E39B85 /* Fonts */ = {
			isa = PBXGroup;
			children = (
				D5F1E6D328E2B50E00E39B85 /* Fontisto.ttf */,
				D5F1E6D428E2B50E00E39B85 /* Octicons.ttf */,
				D5F1E6D528E2B50E00E39B85 /* Feather.ttf */,
				D5F1E6D628E2B50E00E39B85 /* Entypo.ttf */,
				D5F1E6D728E2B50E00E39B85 /* FontAwesome5_Brands.ttf */,
				D5F1E6D828E2B50E00E39B85 /* MaterialCommunityIcons.ttf */,
				D5F1E6D928E2B50E00E39B85 /* AntDesign.ttf */,
				D5F1E6DA28E2B50E00E39B85 /* Foundation.ttf */,
				D5F1E6DB28E2B50E00E39B85 /* Ionicons.ttf */,
				D5F1E6DC28E2B50E00E39B85 /* FontAwesome5_Solid.ttf */,
				D5F1E6DD28E2B50E00E39B85 /* FontAwesome5_Regular.ttf */,
				D5F1E6DE28E2B50E00E39B85 /* FontAwesome.ttf */,
				D5F1E6DF28E2B50E00E39B85 /* Zocial.ttf */,
				D5F1E6E028E2B50E00E39B85 /* EvilIcons.ttf */,
				D5F1E6E128E2B50E00E39B85 /* SimpleLineIcons.ttf */,
				D5F1E6E228E2B50E00E39B85 /* MaterialIcons.ttf */,
			);
			path = Fonts;
			sourceTree = "<group>";
		};
		D5F1E6F328E2B52600E39B85 /* montserrat */ = {
			isa = PBXGroup;
			children = (
				D5F1E6F428E2B52600E39B85 /* Montserrat-MediumItalic.otf */,
				D5F1E6F528E2B52600E39B85 /* Montserrat-Bold.otf */,
				D5F1E6F628E2B52600E39B85 /* Montserrat-BlackItalic.otf */,
				D5F1E6F728E2B52600E39B85 /* SIL Open Font License.txt */,
				D5F1E6F828E2B52600E39B85 /* MontserratAlternates-Black.otf */,
				D5F1E6F928E2B52600E39B85 /* MontserratAlternates-LightItalic.otf */,
				D5F1E6FA28E2B52600E39B85 /* MontserratAlternates-Medium.otf */,
				D5F1E6FB28E2B52600E39B85 /* Montserrat-BoldItalic.otf */,
				D5F1E6FC28E2B52600E39B85 /* Montserrat-Light.otf */,
				D5F1E6FD28E2B52600E39B85 /* Montserrat-ThinItalic.otf */,
				D5F1E6FE28E2B52600E39B85 /* Montserrat-Thin.otf */,
				D5F1E6FF28E2B52600E39B85 /* MontserratAlternates-MediumItalic.otf */,
				D5F1E70028E2B52600E39B85 /* Montserrat-ExtraLight.otf */,
				D5F1E70128E2B52600E39B85 /* MontserratAlternates-BlackItalic.otf */,
				D5F1E70228E2B52600E39B85 /* MontserratAlternates-Bold.otf */,
				D5F1E70328E2B52600E39B85 /* MontserratAlternates-ExtraLightItalic.otf */,
				D5F1E70428E2B52600E39B85 /* MontserratAlternates-Thin.otf */,
				D5F1E70528E2B52600E39B85 /* Montserrat-LightItalic.otf */,
				D5F1E70628E2B52600E39B85 /* Montserrat-Medium.otf */,
				D5F1E70728E2B52600E39B85 /* MontserratAlternates-SemiBoldItalic.otf */,
				D5F1E70828E2B52600E39B85 /* Montserrat-SemiBoldItalic.otf */,
				D5F1E70928E2B52600E39B85 /* Montserrat-ExtraBoldItalic.otf */,
				D5F1E70A28E2B52600E39B85 /* Montserrat-Italic.otf */,
				D5F1E70B28E2B52600E39B85 /* MontserratAlternates-SemiBold.otf */,
				D5F1E70C28E2B52600E39B85 /* Montserrat-Regular.otf */,
				D5F1E70D28E2B52600E39B85 /* MontserratAlternates-ExtraBold.otf */,
				D5F1E70E28E2B52600E39B85 /* MontserratAlternates-BoldItalic.otf */,
				D5F1E70F28E2B52600E39B85 /* Montserrat-ExtraBold.otf */,
				D5F1E71028E2B52600E39B85 /* Montserrat-ExtraLightItalic.otf */,
				D5F1E71128E2B52600E39B85 /* MontserratAlternates-Light.otf */,
				D5F1E71228E2B52600E39B85 /* MontserratAlternates-ExtraLight.otf */,
				D5F1E71328E2B52600E39B85 /* MontserratAlternates-Regular.otf */,
				D5F1E71428E2B52600E39B85 /* MontserratAlternates-ThinItalic.otf */,
				D5F1E71528E2B52600E39B85 /* Montserrat-Black.otf */,
				D5F1E71628E2B52600E39B85 /* MontserratAlternates-ExtraBoldItalic.otf */,
				D5F1E71728E2B52600E39B85 /* MontserratAlternates-Italic.otf */,
				D5F1E71828E2B52600E39B85 /* Montserrat-SemiBold.otf */,
			);
			path = montserrat;
			sourceTree = "<group>";
		};
/* End PBXGroup section */

/* Begin PBXNativeTarget section */
		00E356ED1AD99517003FC87E /* posHeAndSheTests */ = {
			isa = PBXNativeTarget;
			buildConfigurationList = 00E357021AD99517003FC87E /* Build configuration list for PBXNativeTarget "posHeAndSheTests" */;
			buildPhases = (
				A55EABD7B0C7F3A422A6CC61 /* [CP] Check Pods Manifest.lock */,
				00E356EA1AD99517003FC87E /* Sources */,
				00E356EB1AD99517003FC87E /* Frameworks */,
				00E356EC1AD99517003FC87E /* Resources */,
				C59DA0FBD6956966B86A3779 /* [CP] Embed Pods Frameworks */,
				F6A41C54EA430FDDC6A6ED99 /* [CP] Copy Pods Resources */,
			);
			buildRules = (
			);
			dependencies = (
				00E356F51AD99517003FC87E /* PBXTargetDependency */,
			);
			name = posHeAndSheTests;
			productName = posHeAndSheTests;
			productReference = 00E356EE1AD99517003FC87E /* posHeAndSheTests.xctest */;
			productType = "com.apple.product-type.bundle.unit-test";
		};
		13B07F861A680F5B00A75B9A /* posHeAndShe */ = {
			isa = PBXNativeTarget;
			buildConfigurationList = 13B07F931A680F5B00A75B9A /* Build configuration list for PBXNativeTarget "posHeAndShe" */;
			buildPhases = (
				C38B50BA6285516D6DCD4F65 /* [CP] Check Pods Manifest.lock */,
				FD10A7F022414F080027D42C /* Start Packager */,
				13B07F871A680F5B00A75B9A /* Sources */,
				13B07F8C1A680F5B00A75B9A /* Frameworks */,
				13B07F8E1A680F5B00A75B9A /* Resources */,
				00DD1BFF1BD5951E006B06BC /* Bundle React Native code and images */,
				00EEFC60759A1932668264C0 /* [CP] Embed Pods Frameworks */,
				E235C05ADACE081382539298 /* [CP] Copy Pods Resources */,
			);
			buildRules = (
			);
			dependencies = (
			);
			name = posHeAndShe;
			productName = posHeAndShe;
			productReference = 13B07F961A680F5B00A75B9A /* posHeAndShe.app */;
			productType = "com.apple.product-type.application";
		};
/* End PBXNativeTarget section */

/* Begin PBXProject section */
		83CBB9F71A601CBA00E9B192 /* Project object */ = {
			isa = PBXProject;
			attributes = {
				LastUpgradeCheck = 1340;
				ORGANIZATIONNAME = "";
				TargetAttributes = {
					00E356ED1AD99517003FC87E = {
						CreatedOnToolsVersion = 6.2;
						TestTargetID = 13B07F861A680F5B00A75B9A;
					};
					13B07F861A680F5B00A75B9A = {
						LastSwiftMigration = 1120;
					};
				};
			};
			buildConfigurationList = 83CBB9FA1A601CBA00E9B192 /* Build configuration list for PBXProject "posHeAndShe" */;
			compatibilityVersion = "Xcode 12.0";
			developmentRegion = en;
			hasScannedForEncodings = 0;
			knownRegions = (
				en,
				Base,
			);
			mainGroup = 83CBB9F61A601CBA00E9B192;
			productRefGroup = 83CBBA001A601CBA00E9B192 /* Products */;
			projectDirPath = "";
			projectRoot = "";
			targets = (
				13B07F861A680F5B00A75B9A /* posHeAndShe */,
				00E356ED1AD99517003FC87E /* posHeAndSheTests */,
			);
		};
/* End PBXProject section */

/* Begin PBXResourcesBuildPhase section */
		00E356EC1AD99517003FC87E /* Resources */ = {
			isa = PBXResourcesBuildPhase;
			buildActionMask = 2147483647;
			files = (
			);
			runOnlyForDeploymentPostprocessing = 0;
		};
		13B07F8E1A680F5B00A75B9A /* Resources */ = {
			isa = PBXResourcesBuildPhase;
			buildActionMask = 2147483647;
			files = (
				D5F1E73F28E2BB0200E39B85 /* Montserrat-MediumItalic.otf in Resources */,
				D5F1E74028E2BB0200E39B85 /* Montserrat-Bold.otf in Resources */,
				D5F1E74128E2BB0200E39B85 /* Montserrat-BlackItalic.otf in Resources */,
				D5F1E74228E2BB0200E39B85 /* MontserratAlternates-Black.otf in Resources */,
				D5F1E74328E2BB0200E39B85 /* MontserratAlternates-LightItalic.otf in Resources */,
				D5F1E74428E2BB0200E39B85 /* MontserratAlternates-Medium.otf in Resources */,
				D5F1E74528E2BB0200E39B85 /* Montserrat-BoldItalic.otf in Resources */,
				D5F1E74628E2BB0200E39B85 /* Montserrat-Light.otf in Resources */,
				D5F1E74728E2BB0200E39B85 /* Montserrat-ThinItalic.otf in Resources */,
				D5F1E74828E2BB0200E39B85 /* Montserrat-Thin.otf in Resources */,
				D5F1E74928E2BB0300E39B85 /* MontserratAlternates-MediumItalic.otf in Resources */,
				D5F1E74A28E2BB0300E39B85 /* Montserrat-ExtraLight.otf in Resources */,
				D5F1E74B28E2BB0300E39B85 /* MontserratAlternates-BlackItalic.otf in Resources */,
				D5F1E74C28E2BB0300E39B85 /* MontserratAlternates-Bold.otf in Resources */,
				D5F1E74D28E2BB0300E39B85 /* MontserratAlternates-ExtraLightItalic.otf in Resources */,
				D5F1E74E28E2BB0300E39B85 /* MontserratAlternates-Thin.otf in Resources */,
				D5F1E74F28E2BB0300E39B85 /* Montserrat-LightItalic.otf in Resources */,
				D5F1E75028E2BB0300E39B85 /* Montserrat-Medium.otf in Resources */,
				D5F1E75128E2BB0300E39B85 /* MontserratAlternates-SemiBoldItalic.otf in Resources */,
				D5F1E75228E2BB0300E39B85 /* Montserrat-SemiBoldItalic.otf in Resources */,
				D5F1E75328E2BB0300E39B85 /* Montserrat-ExtraBoldItalic.otf in Resources */,
				D5F1E75428E2BB0300E39B85 /* Montserrat-Italic.otf in Resources */,
				D5F1E75528E2BB0300E39B85 /* MontserratAlternates-SemiBold.otf in Resources */,
				D5F1E75628E2BB0300E39B85 /* Montserrat-Regular.otf in Resources */,
				D5F1E75728E2BB0300E39B85 /* MontserratAlternates-ExtraBold.otf in Resources */,
				D5F1E75828E2BB0300E39B85 /* MontserratAlternates-BoldItalic.otf in Resources */,
				D5F1E75928E2BB0300E39B85 /* Montserrat-ExtraBold.otf in Resources */,
				D5F1E75A28E2BB0300E39B85 /* Montserrat-ExtraLightItalic.otf in Resources */,
				D5F1E75B28E2BB0300E39B85 /* MontserratAlternates-Light.otf in Resources */,
				D5F1E75C28E2BB0300E39B85 /* MontserratAlternates-ExtraLight.otf in Resources */,
				D5F1E75D28E2BB0300E39B85 /* MontserratAlternates-Regular.otf in Resources */,
				D5F1E75E28E2BB0300E39B85 /* MontserratAlternates-ThinItalic.otf in Resources */,
				D5F1E75F28E2BB0300E39B85 /* Montserrat-Black.otf in Resources */,
				D5F1E76028E2BB0300E39B85 /* MontserratAlternates-ExtraBoldItalic.otf in Resources */,
				D5F1E76128E2BB0300E39B85 /* MontserratAlternates-Italic.otf in Resources */,
				D5F1E76228E2BB0300E39B85 /* Montserrat-SemiBold.otf in Resources */,
				D5F1E71C28E2B52600E39B85 /* SIL Open Font License.txt in Resources */,
				81AB9BB82411601600AC10FF /* LaunchScreen.storyboard in Resources */,
				13B07FBF1A68108700A75B9A /* Images.xcassets in Resources */,
			);
			runOnlyForDeploymentPostprocessing = 0;
		};
/* End PBXResourcesBuildPhase section */

/* Begin PBXShellScriptBuildPhase section */
		00DD1BFF1BD5951E006B06BC /* Bundle React Native code and images */ = {
			isa = PBXShellScriptBuildPhase;
			buildActionMask = 2147483647;
			files = (
			);
			inputPaths = (
			);
			name = "Bundle React Native code and images";
			outputPaths = (
			);
			runOnlyForDeploymentPostprocessing = 0;
			shellPath = /bin/sh;
			shellScript = "set -e\n\nexport NODE_BINARY=node\n../node_modules/react-native/scripts/react-native-xcode.sh\n";
		};
		00EEFC60759A1932668264C0 /* [CP] Embed Pods Frameworks */ = {
			isa = PBXShellScriptBuildPhase;
			buildActionMask = 2147483647;
			files = (
			);
			inputFileListPaths = (
				"${PODS_ROOT}/Target Support Files/Pods-posHeAndShe/Pods-posHeAndShe-frameworks-${CONFIGURATION}-input-files.xcfilelist",
			);
			name = "[CP] Embed Pods Frameworks";
			outputFileListPaths = (
				"${PODS_ROOT}/Target Support Files/Pods-posHeAndShe/Pods-posHeAndShe-frameworks-${CONFIGURATION}-output-files.xcfilelist",
			);
			runOnlyForDeploymentPostprocessing = 0;
			shellPath = /bin/sh;
			shellScript = "\"${PODS_ROOT}/Target Support Files/Pods-posHeAndShe/Pods-posHeAndShe-frameworks.sh\"\n";
			showEnvVarsInLog = 0;
		};
		A55EABD7B0C7F3A422A6CC61 /* [CP] Check Pods Manifest.lock */ = {
			isa = PBXShellScriptBuildPhase;
			buildActionMask = 2147483647;
			files = (
			);
			inputFileListPaths = (
			);
			inputPaths = (
				"${PODS_PODFILE_DIR_PATH}/Podfile.lock",
				"${PODS_ROOT}/Manifest.lock",
			);
			name = "[CP] Check Pods Manifest.lock";
			outputFileListPaths = (
			);
			outputPaths = (
				"$(DERIVED_FILE_DIR)/Pods-posHeAndShe-posHeAndSheTests-checkManifestLockResult.txt",
			);
			runOnlyForDeploymentPostprocessing = 0;
			shellPath = /bin/sh;
			shellScript = "diff \"${PODS_PODFILE_DIR_PATH}/Podfile.lock\" \"${PODS_ROOT}/Manifest.lock\" > /dev/null\nif [ $? != 0 ] ; then\n    # print error to STDERR\n    echo \"error: The sandbox is not in sync with the Podfile.lock. Run 'pod install' or update your CocoaPods installation.\" >&2\n    exit 1\nfi\n# This output is used by Xcode 'outputs' to avoid re-running this script phase.\necho \"SUCCESS\" > \"${SCRIPT_OUTPUT_FILE_0}\"\n";
			showEnvVarsInLog = 0;
		};
		C38B50BA6285516D6DCD4F65 /* [CP] Check Pods Manifest.lock */ = {
			isa = PBXShellScriptBuildPhase;
			buildActionMask = 2147483647;
			files = (
			);
			inputFileListPaths = (
			);
			inputPaths = (
				"${PODS_PODFILE_DIR_PATH}/Podfile.lock",
				"${PODS_ROOT}/Manifest.lock",
			);
			name = "[CP] Check Pods Manifest.lock";
			outputFileListPaths = (
			);
			outputPaths = (
				"$(DERIVED_FILE_DIR)/Pods-posHeAndShe-checkManifestLockResult.txt",
			);
			runOnlyForDeploymentPostprocessing = 0;
			shellPath = /bin/sh;
			shellScript = "diff \"${PODS_PODFILE_DIR_PATH}/Podfile.lock\" \"${PODS_ROOT}/Manifest.lock\" > /dev/null\nif [ $? != 0 ] ; then\n    # print error to STDERR\n    echo \"error: The sandbox is not in sync with the Podfile.lock. Run 'pod install' or update your CocoaPods installation.\" >&2\n    exit 1\nfi\n# This output is used by Xcode 'outputs' to avoid re-running this script phase.\necho \"SUCCESS\" > \"${SCRIPT_OUTPUT_FILE_0}\"\n";
			showEnvVarsInLog = 0;
		};
		C59DA0FBD6956966B86A3779 /* [CP] Embed Pods Frameworks */ = {
			isa = PBXShellScriptBuildPhase;
			buildActionMask = 2147483647;
			files = (
			);
			inputFileListPaths = (
				"${PODS_ROOT}/Target Support Files/Pods-posHeAndShe-posHeAndSheTests/Pods-posHeAndShe-posHeAndSheTests-frameworks-${CONFIGURATION}-input-files.xcfilelist",
			);
			name = "[CP] Embed Pods Frameworks";
			outputFileListPaths = (
				"${PODS_ROOT}/Target Support Files/Pods-posHeAndShe-posHeAndSheTests/Pods-posHeAndShe-posHeAndSheTests-frameworks-${CONFIGURATION}-output-files.xcfilelist",
			);
			runOnlyForDeploymentPostprocessing = 0;
			shellPath = /bin/sh;
			shellScript = "\"${PODS_ROOT}/Target Support Files/Pods-posHeAndShe-posHeAndSheTests/Pods-posHeAndShe-posHeAndSheTests-frameworks.sh\"\n";
			showEnvVarsInLog = 0;
		};
		E235C05ADACE081382539298 /* [CP] Copy Pods Resources */ = {
			isa = PBXShellScriptBuildPhase;
			buildActionMask = 2147483647;
			files = (
			);
			inputFileListPaths = (
				"${PODS_ROOT}/Target Support Files/Pods-posHeAndShe/Pods-posHeAndShe-resources-${CONFIGURATION}-input-files.xcfilelist",
			);
			name = "[CP] Copy Pods Resources";
			outputFileListPaths = (
				"${PODS_ROOT}/Target Support Files/Pods-posHeAndShe/Pods-posHeAndShe-resources-${CONFIGURATION}-output-files.xcfilelist",
			);
			runOnlyForDeploymentPostprocessing = 0;
			shellPath = /bin/sh;
			shellScript = "\"${PODS_ROOT}/Target Support Files/Pods-posHeAndShe/Pods-posHeAndShe-resources.sh\"\n";
			showEnvVarsInLog = 0;
		};
		F6A41C54EA430FDDC6A6ED99 /* [CP] Copy Pods Resources */ = {
			isa = PBXShellScriptBuildPhase;
			buildActionMask = 2147483647;
			files = (
			);
			inputFileListPaths = (
				"${PODS_ROOT}/Target Support Files/Pods-posHeAndShe-posHeAndSheTests/Pods-posHeAndShe-posHeAndSheTests-resources-${CONFIGURATION}-input-files.xcfilelist",
			);
			name = "[CP] Copy Pods Resources";
			outputFileListPaths = (
				"${PODS_ROOT}/Target Support Files/Pods-posHeAndShe-posHeAndSheTests/Pods-posHeAndShe-posHeAndSheTests-resources-${CONFIGURATION}-output-files.xcfilelist",
			);
			runOnlyForDeploymentPostprocessing = 0;
			shellPath = /bin/sh;
			shellScript = "\"${PODS_ROOT}/Target Support Files/Pods-posHeAndShe-posHeAndSheTests/Pods-posHeAndShe-posHeAndSheTests-resources.sh\"\n";
			showEnvVarsInLog = 0;
		};
		FD10A7F022414F080027D42C /* Start Packager */ = {
			isa = PBXShellScriptBuildPhase;
			buildActionMask = 2147483647;
			files = (
			);
			inputFileListPaths = (
			);
			inputPaths = (
			);
			name = "Start Packager";
			outputFileListPaths = (
			);
			outputPaths = (
			);
			runOnlyForDeploymentPostprocessing = 0;
			shellPath = /bin/sh;
			shellScript = "export RCT_METRO_PORT=\"${RCT_METRO_PORT:=8081}\"\necho \"export RCT_METRO_PORT=${RCT_METRO_PORT}\" > \"${SRCROOT}/../node_modules/react-native/scripts/.packager.env\"\nif [ -z \"${RCT_NO_LAUNCH_PACKAGER+xxx}\" ] ; then\n  if nc -w 5 -z localhost ${RCT_METRO_PORT} ; then\n    if ! curl -s \"http://localhost:${RCT_METRO_PORT}/status\" | grep -q \"packager-status:running\" ; then\n      echo \"Port ${RCT_METRO_PORT} already in use, packager is either not running or not running correctly\"\n      exit 2\n    fi\n  else\n    open \"$SRCROOT/../node_modules/react-native/scripts/launchPackager.command\" || echo \"Can't start packager automatically\"\n  fi\nfi\n";
			showEnvVarsInLog = 0;
		};
/* End PBXShellScriptBuildPhase section */

/* Begin PBXSourcesBuildPhase section */
		00E356EA1AD99517003FC87E /* Sources */ = {
			isa = PBXSourcesBuildPhase;
			buildActionMask = 2147483647;
			files = (
				00E356F31AD99517003FC87E /* posHeAndSheTests.m in Sources */,
			);
			runOnlyForDeploymentPostprocessing = 0;
		};
		13B07F871A680F5B00A75B9A /* Sources */ = {
			isa = PBXSourcesBuildPhase;
			buildActionMask = 2147483647;
			files = (
				13B07FBC1A68108700A75B9A /* AppDelegate.mm in Sources */,
				13B07FC11A68108700A75B9A /* main.m in Sources */,
			);
			runOnlyForDeploymentPostprocessing = 0;
		};
/* End PBXSourcesBuildPhase section */

/* Begin PBXTargetDependency section */
		00E356F51AD99517003FC87E /* PBXTargetDependency */ = {
			isa = PBXTargetDependency;
			target = 13B07F861A680F5B00A75B9A /* posHeAndShe */;
			targetProxy = 00E356F41AD99517003FC87E /* PBXContainerItemProxy */;
		};
/* End PBXTargetDependency section */

/* Begin XCBuildConfiguration section */
		00E356F61AD99517003FC87E /* Debug */ = {
			isa = XCBuildConfiguration;
			baseConfigurationReference = 5B7EB9410499542E8C5724F5 /* Pods-posHeAndShe-posHeAndSheTests.debug.xcconfig */;
			buildSettings = {
				ALWAYS_EMBED_SWIFT_STANDARD_LIBRARIES = YES;
				BUNDLE_LOADER = "$(TEST_HOST)";
				GCC_PREPROCESSOR_DEFINITIONS = (
					"DEBUG=1",
					"$(inherited)",
				);
				INFOPLIST_FILE = posHeAndSheTests/Info.plist;
				IPHONEOS_DEPLOYMENT_TARGET = 12.0;
				LD_RUNPATH_SEARCH_PATHS = (
					"$(inherited)",
					"@executable_path/Frameworks",
					"@loader_path/Frameworks",
				);
				OTHER_LDFLAGS = (
					"-ObjC",
					"-lc++",
					"$(inherited)",
				);
				PRODUCT_BUNDLE_IDENTIFIER = "org.reactjs.native.example.$(PRODUCT_NAME:rfc1034identifier)";
				PRODUCT_NAME = "$(TARGET_NAME)";
				TEST_HOST = "$(BUILT_PRODUCTS_DIR)/posHeAndShe.app/posHeAndShe";
			};
			name = Debug;
		};
		00E356F71AD99517003FC87E /* Release */ = {
			isa = XCBuildConfiguration;
			baseConfigurationReference = 89C6BE57DB24E9ADA2F236DE /* Pods-posHeAndShe-posHeAndSheTests.release.xcconfig */;
			buildSettings = {
				ALWAYS_EMBED_SWIFT_STANDARD_LIBRARIES = YES;
				BUNDLE_LOADER = "$(TEST_HOST)";
				COPY_PHASE_STRIP = NO;
				INFOPLIST_FILE = posHeAndSheTests/Info.plist;
				IPHONEOS_DEPLOYMENT_TARGET = 12.0;
				LD_RUNPATH_SEARCH_PATHS = (
					"$(inherited)",
					"@executable_path/Frameworks",
					"@loader_path/Frameworks",
				);
				OTHER_LDFLAGS = (
					"-ObjC",
					"-lc++",
					"$(inherited)",
				);
				PRODUCT_BUNDLE_IDENTIFIER = "org.reactjs.native.example.$(PRODUCT_NAME:rfc1034identifier)";
				PRODUCT_NAME = "$(TARGET_NAME)";
				TEST_HOST = "$(BUILT_PRODUCTS_DIR)/posHeAndShe.app/posHeAndShe";
			};
			name = Release;
		};
		13B07F941A680F5B00A75B9A /* Debug */ = {
			isa = XCBuildConfiguration;
			baseConfigurationReference = 3B4392A12AC88292D35C810B /* Pods-posHeAndShe.debug.xcconfig */;
			buildSettings = {
				ASSETCATALOG_COMPILER_APPICON_NAME = AppIcon;
				CLANG_ENABLE_MODULES = YES;
				CODE_SIGN_ENTITLEMENTS = posHeAndShe/posHeAndShe.entitlements;
				CURRENT_PROJECT_VERSION = 1;
				DEVELOPMENT_TEAM = 466HSBYJLC;
				ENABLE_BITCODE = NO;
				INFOPLIST_FILE = posHeAndShe/Info.plist;
				LD_RUNPATH_SEARCH_PATHS = (
					"$(inherited)",
					"@executable_path/Frameworks",
				);
				OTHER_LDFLAGS = (
					"$(inherited)",
					"-ObjC",
					"-lc++",
				);
				PRODUCT_BUNDLE_IDENTIFIER = com.stg.heandshe;
				PRODUCT_NAME = posHeAndShe;
				SUPPORTS_MACCATALYST = NO;
				SWIFT_OPTIMIZATION_LEVEL = "-Onone";
				SWIFT_VERSION = 5.0;
				TARGETED_DEVICE_FAMILY = 2;
				VERSIONING_SYSTEM = "apple-generic";
			};
			name = Debug;
		};
		13B07F951A680F5B00A75B9A /* Release */ = {
			isa = XCBuildConfiguration;
			baseConfigurationReference = 5709B34CF0A7D63546082F79 /* Pods-posHeAndShe.release.xcconfig */;
			buildSettings = {
				ASSETCATALOG_COMPILER_APPICON_NAME = AppIcon;
				CLANG_ENABLE_MODULES = YES;
				CODE_SIGN_ENTITLEMENTS = posHeAndShe/posHeAndShe.entitlements;
				CURRENT_PROJECT_VERSION = 1;
				DEVELOPMENT_TEAM = 466HSBYJLC;
				INFOPLIST_FILE = posHeAndShe/Info.plist;
				LD_RUNPATH_SEARCH_PATHS = (
					"$(inherited)",
					"@executable_path/Frameworks",
				);
				OTHER_LDFLAGS = (
					"$(inherited)",
					"-ObjC",
					"-lc++",
				);
				PRODUCT_BUNDLE_IDENTIFIER = com.stg.heandshe;
				PRODUCT_NAME = posHeAndShe;
				SUPPORTS_MACCATALYST = NO;
				SWIFT_VERSION = 5.0;
				TARGETED_DEVICE_FAMILY = 2;
				VERSIONING_SYSTEM = "apple-generic";
			};
			name = Release;
		};
		83CBBA201A601CBA00E9B192 /* Debug */ = {
			isa = XCBuildConfiguration;
			buildSettings = {
				ALWAYS_SEARCH_USER_PATHS = NO;
				CLANG_ANALYZER_LOCALIZABILITY_NONLOCALIZED = YES;
				CLANG_CXX_LANGUAGE_STANDARD = "c++17";
				CLANG_CXX_LIBRARY = "libc++";
				CLANG_ENABLE_MODULES = YES;
				CLANG_ENABLE_OBJC_ARC = YES;
				CLANG_WARN_BLOCK_CAPTURE_AUTORELEASING = YES;
				CLANG_WARN_BOOL_CONVERSION = YES;
				CLANG_WARN_COMMA = YES;
				CLANG_WARN_CONSTANT_CONVERSION = YES;
				CLANG_WARN_DEPRECATED_OBJC_IMPLEMENTATIONS = YES;
				CLANG_WARN_DIRECT_OBJC_ISA_USAGE = YES_ERROR;
				CLANG_WARN_EMPTY_BODY = YES;
				CLANG_WARN_ENUM_CONVERSION = YES;
				CLANG_WARN_INFINITE_RECURSION = YES;
				CLANG_WARN_INT_CONVERSION = YES;
				CLANG_WARN_NON_LITERAL_NULL_CONVERSION = YES;
				CLANG_WARN_OBJC_IMPLICIT_RETAIN_SELF = YES;
				CLANG_WARN_OBJC_LITERAL_CONVERSION = YES;
				CLANG_WARN_OBJC_ROOT_CLASS = YES_ERROR;
				CLANG_WARN_QUOTED_INCLUDE_IN_FRAMEWORK_HEADER = YES;
				CLANG_WARN_RANGE_LOOP_ANALYSIS = YES;
				CLANG_WARN_STRICT_PROTOTYPES = YES;
				CLANG_WARN_SUSPICIOUS_MOVE = YES;
				CLANG_WARN_UNREACHABLE_CODE = YES;
				CLANG_WARN__DUPLICATE_METHOD_MATCH = YES;
				"CODE_SIGN_IDENTITY[sdk=iphoneos*]" = "iPhone Developer";
				COPY_PHASE_STRIP = NO;
				ENABLE_STRICT_OBJC_MSGSEND = YES;
				ENABLE_TESTABILITY = YES;
				"EXCLUDED_ARCHS[sdk=iphonesimulator*]" = "";
				GCC_C_LANGUAGE_STANDARD = gnu99;
				GCC_DYNAMIC_NO_PIC = NO;
				GCC_NO_COMMON_BLOCKS = YES;
				GCC_OPTIMIZATION_LEVEL = 0;
				GCC_PREPROCESSOR_DEFINITIONS = (
					"DEBUG=1",
					"$(inherited)",
				);
				GCC_SYMBOLS_PRIVATE_EXTERN = NO;
				GCC_WARN_64_TO_32_BIT_CONVERSION = YES;
				GCC_WARN_ABOUT_RETURN_TYPE = YES_ERROR;
				GCC_WARN_UNDECLARED_SELECTOR = YES;
				GCC_WARN_UNINITIALIZED_AUTOS = YES_AGGRESSIVE;
				GCC_WARN_UNUSED_FUNCTION = YES;
				GCC_WARN_UNUSED_VARIABLE = YES;
				IPHONEOS_DEPLOYMENT_TARGET = 12.0;
				LD_RUNPATH_SEARCH_PATHS = (
					/usr/lib/swift,
					"$(inherited)",
				);
				LIBRARY_SEARCH_PATHS = (
					"\"$(SDKROOT)/usr/lib/swift\"",
					"\"$(TOOLCHAIN_DIR)/usr/lib/swift/$(PLATFORM_NAME)\"",
					"\"$(inherited)\"",
				);
				MTL_ENABLE_DEBUG_INFO = YES;
				ONLY_ACTIVE_ARCH = YES;
				OTHER_CPLUSPLUSFLAGS = (
					"$(OTHER_CFLAGS)",
					"-DFOLLY_NO_CONFIG",
					"-DFOLLY_MOBILE=1",
					"-DFOLLY_USE_LIBCPP=1",
				);
				SDKROOT = iphoneos;
			};
			name = Debug;
		};
		83CBBA211A601CBA00E9B192 /* Release */ = {
			isa = XCBuildConfiguration;
			buildSettings = {
				ALWAYS_SEARCH_USER_PATHS = NO;
				CLANG_ANALYZER_LOCALIZABILITY_NONLOCALIZED = YES;
				CLANG_CXX_LANGUAGE_STANDARD = "c++17";
				CLANG_CXX_LIBRARY = "libc++";
				CLANG_ENABLE_MODULES = YES;
				CLANG_ENABLE_OBJC_ARC = YES;
				CLANG_WARN_BLOCK_CAPTURE_AUTORELEASING = YES;
				CLANG_WARN_BOOL_CONVERSION = YES;
				CLANG_WARN_COMMA = YES;
				CLANG_WARN_CONSTANT_CONVERSION = YES;
				CLANG_WARN_DEPRECATED_OBJC_IMPLEMENTATIONS = YES;
				CLANG_WARN_DIRECT_OBJC_ISA_USAGE = YES_ERROR;
				CLANG_WARN_EMPTY_BODY = YES;
				CLANG_WARN_ENUM_CONVERSION = YES;
				CLANG_WARN_INFINITE_RECURSION = YES;
				CLANG_WARN_INT_CONVERSION = YES;
				CLANG_WARN_NON_LITERAL_NULL_CONVERSION = YES;
				CLANG_WARN_OBJC_IMPLICIT_RETAIN_SELF = YES;
				CLANG_WARN_OBJC_LITERAL_CONVERSION = YES;
				CLANG_WARN_OBJC_ROOT_CLASS = YES_ERROR;
				CLANG_WARN_QUOTED_INCLUDE_IN_FRAMEWORK_HEADER = YES;
				CLANG_WARN_RANGE_LOOP_ANALYSIS = YES;
				CLANG_WARN_STRICT_PROTOTYPES = YES;
				CLANG_WARN_SUSPICIOUS_MOVE = YES;
				CLANG_WARN_UNREACHABLE_CODE = YES;
				CLANG_WARN__DUPLICATE_METHOD_MATCH = YES;
				"CODE_SIGN_IDENTITY[sdk=iphoneos*]" = "iPhone Developer";
				COPY_PHASE_STRIP = YES;
				ENABLE_NS_ASSERTIONS = NO;
				ENABLE_STRICT_OBJC_MSGSEND = YES;
				"EXCLUDED_ARCHS[sdk=iphonesimulator*]" = "";
				GCC_C_LANGUAGE_STANDARD = gnu99;
				GCC_NO_COMMON_BLOCKS = YES;
				GCC_WARN_64_TO_32_BIT_CONVERSION = YES;
				GCC_WARN_ABOUT_RETURN_TYPE = YES_ERROR;
				GCC_WARN_UNDECLARED_SELECTOR = YES;
				GCC_WARN_UNINITIALIZED_AUTOS = YES_AGGRESSIVE;
				GCC_WARN_UNUSED_FUNCTION = YES;
				GCC_WARN_UNUSED_VARIABLE = YES;
				IPHONEOS_DEPLOYMENT_TARGET = 12.0;
				LD_RUNPATH_SEARCH_PATHS = (
					/usr/lib/swift,
					"$(inherited)",
				);
				LIBRARY_SEARCH_PATHS = (
					"\"$(SDKROOT)/usr/lib/swift\"",
					"\"$(TOOLCHAIN_DIR)/usr/lib/swift/$(PLATFORM_NAME)\"",
					"\"$(inherited)\"",
				);
				MTL_ENABLE_DEBUG_INFO = NO;
				OTHER_CPLUSPLUSFLAGS = (
					"$(OTHER_CFLAGS)",
					"-DFOLLY_NO_CONFIG",
					"-DFOLLY_MOBILE=1",
					"-DFOLLY_USE_LIBCPP=1",
				);
				SDKROOT = iphoneos;
				VALIDATE_PRODUCT = YES;
			};
			name = Release;
		};
/* End XCBuildConfiguration section */

/* Begin XCConfigurationList section */
		00E357021AD99517003FC87E /* Build configuration list for PBXNativeTarget "posHeAndSheTests" */ = {
			isa = XCConfigurationList;
			buildConfigurations = (
				00E356F61AD99517003FC87E /* Debug */,
				00E356F71AD99517003FC87E /* Release */,
			);
			defaultConfigurationIsVisible = 0;
			defaultConfigurationName = Release;
		};
		13B07F931A680F5B00A75B9A /* Build configuration list for PBXNativeTarget "posHeAndShe" */ = {
			isa = XCConfigurationList;
			buildConfigurations = (
				13B07F941A680F5B00A75B9A /* Debug */,
				13B07F951A680F5B00A75B9A /* Release */,
			);
			defaultConfigurationIsVisible = 0;
			defaultConfigurationName = Release;
		};
		83CBB9FA1A601CBA00E9B192 /* Build configuration list for PBXProject "posHeAndShe" */ = {
			isa = XCConfigurationList;
			buildConfigurations = (
				83CBBA201A601CBA00E9B192 /* Debug */,
				83CBBA211A601CBA00E9B192 /* Release */,
			);
			defaultConfigurationIsVisible = 0;
			defaultConfigurationName = Release;
		};
/* End XCConfigurationList section */
	};
	rootObject = 83CBB9F71A601CBA00E9B192 /* Project object */;
}
